
Microsoft Visual Studio Solution File, Format Version 12.00
# Visual Studio 15
VisualStudioVersion = 15.0.27703.2035
MinimumVisualStudioVersion = 10.0.40219.1
Project("{FAE04EC0-301F-11D3-BF4B-00C04F79EFBC}") = "WebResume", "WebResume\WebResume.csproj", "{F28F1DDF-9A47-4A70-B6CC-9C7BAB970506}"
EndProject
Global
	GlobalSection(SolutionConfigurationPlatforms) = preSolution
		Debug|Any CPU = Debug|Any CPU
		Release|Any CPU = Release|Any CPU
	EndGlobalSection
	GlobalSection(ProjectConfigurationPlatforms) = postSolution
		{F28F1DDF-9A47-4A70-B6CC-9C7BAB970506}.Debug|Any CPU.ActiveCfg = Debug|Any CPU
		{F28F1DDF-9A47-4A70-B6CC-9C7BAB970506}.Debug|Any CPU.Build.0 = Debug|Any CPU
		{F28F1DDF-9A47-4A70-B6CC-9C7BAB970506}.Release|Any CPU.ActiveCfg = Release|Any CPU
		{F28F1DDF-9A47-4A70-B6CC-9C7BAB970506}.Release|Any CPU.Build.0 = Release|Any CPU
	EndGlobalSection
	GlobalSection(SolutionProperties) = preSolution
		HideSolutionNode = FALSE
	EndGlobalSection
	GlobalSection(ExtensibilityGlobals) = postSolution
		SolutionGuid = {DE14674A-80BC-4C55-BAF7-67AF3AC5EE37}
	EndGlobalSection
EndGlobal
